
Microsoft Visual Studio Solution File, Format Version 12.00
# Visual Studio Version 16
VisualStudioVersion = 16.0.29613.14
MinimumVisualStudioVersion = 10.0.40219.1
Project("{FAE04EC0-301F-11D3-BF4B-00C04F79EFBC}") = "MathTrainer", "Math_Trainer\MathTrainer.csproj", "{DED2DFB1-28E0-4453-BC98-8D78075FF6F1}"
EndProject
Project("{2150E333-8FDC-42A3-9474-1A3956D46DE8}") = "Solution Items", "Solution Items", "{D2920443-3752-46AF-8D28-EA6CB81BA513}"
	ProjectSection(SolutionItems) = preProject
		.editorconfig = .editorconfig
	EndProjectSection
EndProject
Global
	GlobalSection(SolutionConfigurationPlatforms) = preSolution
		Debug|Any CPU = Debug|Any CPU
		Release|Any CPU = Release|Any CPU
	EndGlobalSection
	GlobalSection(ProjectConfigurationPlatforms) = postSolution
		{DED2DFB1-28E0-4453-BC98-8D78075FF6F1}.Debug|Any CPU.ActiveCfg = Debug|Any CPU
		{DED2DFB1-28E0-4453-BC98-8D78075FF6F1}.Debug|Any CPU.Build.0 = Debug|Any CPU
		{DED2DFB1-28E0-4453-BC98-8D78075FF6F1}.Release|Any CPU.ActiveCfg = Release|Any CPU
		{DED2DFB1-28E0-4453-BC98-8D78075FF6F1}.Release|Any CPU.Build.0 = Release|Any CPU
	EndGlobalSection
	GlobalSection(SolutionProperties) = preSolution
		HideSolutionNode = FALSE
	EndGlobalSection
	GlobalSection(ExtensibilityGlobals) = postSolution
		SolutionGuid = {4E298025-B398-4D62-ABEE-8FC3F1CA3BE2}
	EndGlobalSection
EndGlobal
